
Microsoft Visual Studio Solution File, Format Version 12.00
# Visual Studio Version 17
VisualStudioVersion = 17.3.32929.385
MinimumVisualStudioVersion = 10.0.40219.1
Project("{9A19103F-16F7-4668-BE54-9A1E7A4F7556}") = "Bank_System", "Bank\Bank_System.csproj", "{C377F871-CB60-4ACE-B569-329510307B4E}"
EndProject
Global
	GlobalSection(SolutionConfigurationPlatforms) = preSolution
		Debug|Any CPU = Debug|Any CPU
		Release|Any CPU = Release|Any CPU
	EndGlobalSection
	GlobalSection(ProjectConfigurationPlatforms) = postSolution
		{C377F871-CB60-4ACE-B569-329510307B4E}.Debug|Any CPU.ActiveCfg = Debug|Any CPU
		{C377F871-CB60-4ACE-B569-329510307B4E}.Debug|Any CPU.Build.0 = Debug|Any CPU
		{C377F871-CB60-4ACE-B569-329510307B4E}.Release|Any CPU.ActiveCfg = Release|Any CPU
		{C377F871-CB60-4ACE-B569-329510307B4E}.Release|Any CPU.Build.0 = Release|Any CPU
	EndGlobalSection
	GlobalSection(SolutionProperties) = preSolution
		HideSolutionNode = FALSE
	EndGlobalSection
	GlobalSection(ExtensibilityGlobals) = postSolution
		SolutionGuid = {C35B4416-E93E-433C-997F-37779A5DEAEF}
	EndGlobalSection
EndGlobal
